
Microsoft Visual Studio Solution File, Format Version 12.00
# Visual Studio 15
VisualStudioVersion = 15.0.27703.2026
MinimumVisualStudioVersion = 10.0.40219.1
Project("{FAE04EC0-301F-11D3-BF4B-00C04F79EFBC}") = "OnTour", "OnTour\OnTour.csproj", "{16E0F2DF-8DA4-4237-89BD-904C8B2276CB}"
EndProject
Global
	GlobalSection(SolutionConfigurationPlatforms) = preSolution
		Debug|Any CPU = Debug|Any CPU
		Release|Any CPU = Release|Any CPU
	EndGlobalSection
	GlobalSection(ProjectConfigurationPlatforms) = postSolution
		{16E0F2DF-8DA4-4237-89BD-904C8B2276CB}.Debug|Any CPU.ActiveCfg = Debug|Any CPU
		{16E0F2DF-8DA4-4237-89BD-904C8B2276CB}.Debug|Any CPU.Build.0 = Debug|Any CPU
		{16E0F2DF-8DA4-4237-89BD-904C8B2276CB}.Release|Any CPU.ActiveCfg = Release|Any CPU
		{16E0F2DF-8DA4-4237-89BD-904C8B2276CB}.Release|Any CPU.Build.0 = Release|Any CPU
	EndGlobalSection
	GlobalSection(SolutionProperties) = preSolution
		HideSolutionNode = FALSE
	EndGlobalSection
	GlobalSection(ExtensibilityGlobals) = postSolution
		SolutionGuid = {970355E4-AE07-4E2C-A825-B2F660F8DF99}
	EndGlobalSection
EndGlobal
